// !$*UTF8*$!
{
	archiveVersion = 1;
	classes = {
	};
	objectVersion = 50;
	objects = {

/* Begin PBXBuildFile section */
		323F2561243105F600B9A4C8 /* AppDelegate.swift in Sources */ = {isa = PBXBuildFile; fileRef = 323F2560243105F600B9A4C8 /* AppDelegate.swift */; };
		323F2563243105F600B9A4C8 /* SceneDelegate.swift in Sources */ = {isa = PBXBuildFile; fileRef = 323F2562243105F600B9A4C8 /* SceneDelegate.swift */; };
		323F2565243105F600B9A4C8 /* ViewController.swift in Sources */ = {isa = PBXBuildFile; fileRef = 323F2564243105F600B9A4C8 /* ViewController.swift */; };
		323F256B243105F600B9A4C8 /* Grades.xcdatamodeld in Sources */ = {isa = PBXBuildFile; fileRef = 323F2569243105F600B9A4C8 /* Grades.xcdatamodeld */; };
		323F256D243105F800B9A4C8 /* Assets.xcassets in Resources */ = {isa = PBXBuildFile; fileRef = 323F256C243105F800B9A4C8 /* Assets.xcassets */; };
		323F2570243105F800B9A4C8 /* LaunchScreen.storyboard in Resources */ = {isa = PBXBuildFile; fileRef = 323F256E243105F800B9A4C8 /* LaunchScreen.storyboard */; };
		323F257B243105F800B9A4C8 /* GradesTests.swift in Sources */ = {isa = PBXBuildFile; fileRef = 323F257A243105F800B9A4C8 /* GradesTests.swift */; };
		324FD37124312C2D0005B077 /* Utilities.swift in Sources */ = {isa = PBXBuildFile; fileRef = 324FD37024312C2D0005B077 /* Utilities.swift */; };
		3260DEEE2431144C00A502A4 /* GradesSplitViewController.swift in Sources */ = {isa = PBXBuildFile; fileRef = 3260DEED2431144C00A502A4 /* GradesSplitViewController.swift */; };
		3260DEF2243115D600A502A4 /* TermsViewController.swift in Sources */ = {isa = PBXBuildFile; fileRef = 3260DEF1243115D600A502A4 /* TermsViewController.swift */; };
		3260DEF4243116D100A502A4 /* NSLayoutAnchot+Extension.swift in Sources */ = {isa = PBXBuildFile; fileRef = 3260DEF3243116D100A502A4 /* NSLayoutAnchot+Extension.swift */; };
		3260DEF72431190600A502A4 /* ReusableView.swift in Sources */ = {isa = PBXBuildFile; fileRef = 3260DEF62431190600A502A4 /* ReusableView.swift */; };
		3260DEFA24311BA100A502A4 /* TermTableViewCell.swift in Sources */ = {isa = PBXBuildFile; fileRef = 3260DEF924311BA100A502A4 /* TermTableViewCell.swift */; };
		3260DEFC24311BDA00A502A4 /* UITableView+Extension.swift in Sources */ = {isa = PBXBuildFile; fileRef = 3260DEFB24311BDA00A502A4 /* UITableView+Extension.swift */; };
		3260DF002431225600A502A4 /* GradeCardView.swift in Sources */ = {isa = PBXBuildFile; fileRef = 3260DEFE2431225600A502A4 /* GradeCardView.swift */; };
		3260DF012431225600A502A4 /* GradientView.swift in Sources */ = {isa = PBXBuildFile; fileRef = 3260DEFF2431225600A502A4 /* GradientView.swift */; };
		3260DF032431226D00A502A4 /* TermGradeCardTableViewCell.swift in Sources */ = {isa = PBXBuildFile; fileRef = 3260DF022431226D00A502A4 /* TermGradeCardTableViewCell.swift */; };
		3260DF052431230000A502A4 /* UIColor+Extension.swift in Sources */ = {isa = PBXBuildFile; fileRef = 3260DF042431230000A502A4 /* UIColor+Extension.swift */; };
/* End PBXBuildFile section */

/* Begin PBXContainerItemProxy section */
		323F2577243105F800B9A4C8 /* PBXContainerItemProxy */ = {
			isa = PBXContainerItemProxy;
			containerPortal = 323F2555243105F600B9A4C8 /* Project object */;
			proxyType = 1;
			remoteGlobalIDString = 323F255C243105F600B9A4C8;
			remoteInfo = Grades;
		};
/* End PBXContainerItemProxy section */

/* Begin PBXFileReference section */
		323F255D243105F600B9A4C8 /* Grades.app */ = {isa = PBXFileReference; explicitFileType = wrapper.application; includeInIndex = 0; path = Grades.app; sourceTree = BUILT_PRODUCTS_DIR; };
		323F2560243105F600B9A4C8 /* AppDelegate.swift */ = {isa = PBXFileReference; lastKnownFileType = sourcecode.swift; path = AppDelegate.swift; sourceTree = "<group>"; };
		323F2562243105F600B9A4C8 /* SceneDelegate.swift */ = {isa = PBXFileReference; lastKnownFileType = sourcecode.swift; path = SceneDelegate.swift; sourceTree = "<group>"; };
		323F2564243105F600B9A4C8 /* ViewController.swift */ = {isa = PBXFileReference; lastKnownFileType = sourcecode.swift; path = ViewController.swift; sourceTree = "<group>"; };
		323F256A243105F600B9A4C8 /* Grades.xcdatamodel */ = {isa = PBXFileReference; lastKnownFileType = wrapper.xcdatamodel; path = Grades.xcdatamodel; sourceTree = "<group>"; };
		323F256C243105F800B9A4C8 /* Assets.xcassets */ = {isa = PBXFileReference; lastKnownFileType = folder.assetcatalog; path = Assets.xcassets; sourceTree = "<group>"; };
		323F256F243105F800B9A4C8 /* Base */ = {isa = PBXFileReference; lastKnownFileType = file.storyboard; name = Base; path = Base.lproj/LaunchScreen.storyboard; sourceTree = "<group>"; };
		323F2571243105F800B9A4C8 /* Info.plist */ = {isa = PBXFileReference; lastKnownFileType = text.plist.xml; path = Info.plist; sourceTree = "<group>"; };
		323F2576243105F800B9A4C8 /* GradesTests.xctest */ = {isa = PBXFileReference; explicitFileType = wrapper.cfbundle; includeInIndex = 0; path = GradesTests.xctest; sourceTree = BUILT_PRODUCTS_DIR; };
		323F257A243105F800B9A4C8 /* GradesTests.swift */ = {isa = PBXFileReference; lastKnownFileType = sourcecode.swift; path = GradesTests.swift; sourceTree = "<group>"; };
		323F257C243105F800B9A4C8 /* Info.plist */ = {isa = PBXFileReference; lastKnownFileType = text.plist.xml; path = Info.plist; sourceTree = "<group>"; };
		324FD37024312C2D0005B077 /* Utilities.swift */ = {isa = PBXFileReference; lastKnownFileType = sourcecode.swift; path = Utilities.swift; sourceTree = "<group>"; };
		3260DEE724310E7100A502A4 /* Grades.entitlements */ = {isa = PBXFileReference; lastKnownFileType = text.plist.entitlements; path = Grades.entitlements; sourceTree = "<group>"; };
		3260DEED2431144C00A502A4 /* GradesSplitViewController.swift */ = {isa = PBXFileReference; lastKnownFileType = sourcecode.swift; path = GradesSplitViewController.swift; sourceTree = "<group>"; };
		3260DEF1243115D600A502A4 /* TermsViewController.swift */ = {isa = PBXFileReference; lastKnownFileType = sourcecode.swift; path = TermsViewController.swift; sourceTree = "<group>"; };
		3260DEF3243116D100A502A4 /* NSLayoutAnchot+Extension.swift */ = {isa = PBXFileReference; fileEncoding = 4; lastKnownFileType = sourcecode.swift; path = "NSLayoutAnchot+Extension.swift"; sourceTree = "<group>"; };
		3260DEF62431190600A502A4 /* ReusableView.swift */ = {isa = PBXFileReference; fileEncoding = 4; lastKnownFileType = sourcecode.swift; path = ReusableView.swift; sourceTree = "<group>"; };
		3260DEF924311BA100A502A4 /* TermTableViewCell.swift */ = {isa = PBXFileReference; lastKnownFileType = sourcecode.swift; path = TermTableViewCell.swift; sourceTree = "<group>"; };
		3260DEFB24311BDA00A502A4 /* UITableView+Extension.swift */ = {isa = PBXFileReference; fileEncoding = 4; lastKnownFileType = sourcecode.swift; path = "UITableView+Extension.swift"; sourceTree = "<group>"; };
		3260DEFE2431225600A502A4 /* GradeCardView.swift */ = {isa = PBXFileReference; fileEncoding = 4; lastKnownFileType = sourcecode.swift; path = GradeCardView.swift; sourceTree = "<group>"; };
		3260DEFF2431225600A502A4 /* GradientView.swift */ = {isa = PBXFileReference; fileEncoding = 4; lastKnownFileType = sourcecode.swift; path = GradientView.swift; sourceTree = "<group>"; };
		3260DF022431226D00A502A4 /* TermGradeCardTableViewCell.swift */ = {isa = PBXFileReference; fileEncoding = 4; lastKnownFileType = sourcecode.swift; path = TermGradeCardTableViewCell.swift; sourceTree = "<group>"; };
		3260DF042431230000A502A4 /* UIColor+Extension.swift */ = {isa = PBXFileReference; fileEncoding = 4; lastKnownFileType = sourcecode.swift; path = "UIColor+Extension.swift"; sourceTree = "<group>"; };
/* End PBXFileReference section */

/* Begin PBXFrameworksBuildPhase section */
		323F255A243105F600B9A4C8 /* Frameworks */ = {
			isa = PBXFrameworksBuildPhase;
			buildActionMask = 2147483647;
			files = (
			);
			runOnlyForDeploymentPostprocessing = 0;
		};
		323F2573243105F800B9A4C8 /* Frameworks */ = {
			isa = PBXFrameworksBuildPhase;
			buildActionMask = 2147483647;
			files = (
			);
			runOnlyForDeploymentPostprocessing = 0;
		};
/* End PBXFrameworksBuildPhase section */

/* Begin PBXGroup section */
		323F2554243105F600B9A4C8 = {
			isa = PBXGroup;
			children = (
				323F255F243105F600B9A4C8 /* Grades */,
				323F2579243105F800B9A4C8 /* GradesTests */,
				323F255E243105F600B9A4C8 /* Products */,
			);
			sourceTree = "<group>";
		};
		323F255E243105F600B9A4C8 /* Products */ = {
			isa = PBXGroup;
			children = (
				323F255D243105F600B9A4C8 /* Grades.app */,
				323F2576243105F800B9A4C8 /* GradesTests.xctest */,
			);
			name = Products;
			sourceTree = "<group>";
		};
		323F255F243105F600B9A4C8 /* Grades */ = {
			isa = PBXGroup;
			children = (
				3260DEE724310E7100A502A4 /* Grades.entitlements */,
				323F2560243105F600B9A4C8 /* AppDelegate.swift */,
				323F2562243105F600B9A4C8 /* SceneDelegate.swift */,
				323F2564243105F600B9A4C8 /* ViewController.swift */,
				323F2571243105F800B9A4C8 /* Info.plist */,
				323F2569243105F600B9A4C8 /* Grades.xcdatamodeld */,
				3260DEE324310A6C00A502A4 /* Modules */,
				3260DEE624310C6A00A502A4 /* Utilities */,
				324FD36F24312B510005B077 /* Localizables */,
				3260DEE424310A7200A502A4 /* Resources */,
			);
			path = Grades;
			sourceTree = "<group>";
		};
		323F2579243105F800B9A4C8 /* GradesTests */ = {
			isa = PBXGroup;
			children = (
				323F257A243105F800B9A4C8 /* GradesTests.swift */,
				323F257C243105F800B9A4C8 /* Info.plist */,
			);
			path = GradesTests;
			sourceTree = "<group>";
		};
		324FD36F24312B510005B077 /* Localizables */ = {
			isa = PBXGroup;
			children = (
			);
			path = Localizables;
			sourceTree = "<group>";
		};
		324FD37224312E180005B077 /* ViewModels */ = {
			isa = PBXGroup;
			children = (
			);
			path = ViewModels;
			sourceTree = "<group>";
		};
		3260DEE324310A6C00A502A4 /* Modules */ = {
			isa = PBXGroup;
			children = (
				3260DEEC243113F600A502A4 /* Grades */,
			);
			path = Modules;
			sourceTree = "<group>";
		};
		3260DEE424310A7200A502A4 /* Resources */ = {
			isa = PBXGroup;
			children = (
				323F256C243105F800B9A4C8 /* Assets.xcassets */,
				323F256E243105F800B9A4C8 /* LaunchScreen.storyboard */,
			);
			path = Resources;
			sourceTree = "<group>";
		};
		3260DEE524310A8000A502A4 /* Extensions */ = {
			isa = PBXGroup;
			children = (
				3260DEF3243116D100A502A4 /* NSLayoutAnchot+Extension.swift */,
				3260DEFB24311BDA00A502A4 /* UITableView+Extension.swift */,
				3260DF042431230000A502A4 /* UIColor+Extension.swift */,
			);
			path = Extensions;
			sourceTree = "<group>";
		};
		3260DEE624310C6A00A502A4 /* Utilities */ = {
			isa = PBXGroup;
			children = (
				3260DEF5243118FC00A502A4 /* Protocols */,
				3260DEE524310A8000A502A4 /* Extensions */,
				324FD37024312C2D0005B077 /* Utilities.swift */,
			);
			path = Utilities;
			sourceTree = "<group>";
		};
		3260DEEC243113F600A502A4 /* Grades */ = {
			isa = PBXGroup;
			children = (
				3260DEFD2431224500A502A4 /* Views */,
				3260DEEF243115AE00A502A4 /* Terms */,
				3260DEED2431144C00A502A4 /* GradesSplitViewController.swift */,
			);
			path = Grades;
			sourceTree = "<group>";
		};
		3260DEEF243115AE00A502A4 /* Terms */ = {
			isa = PBXGroup;
			children = (
				3260DEF824311B8000A502A4 /* Views */,
				3260DEF0243115B800A502A4 /* ViewControllers */,
				324FD37224312E180005B077 /* ViewModels */,
			);
			path = Terms;
			sourceTree = "<group>";
		};
		3260DEF0243115B800A502A4 /* ViewControllers */ = {
			isa = PBXGroup;
			children = (
				3260DEF1243115D600A502A4 /* TermsViewController.swift */,
			);
			path = ViewControllers;
			sourceTree = "<group>";
		};
		3260DEF5243118FC00A502A4 /* Protocols */ = {
			isa = PBXGroup;
			children = (
				3260DEF62431190600A502A4 /* ReusableView.swift */,
			);
			path = Protocols;
			sourceTree = "<group>";
		};
		3260DEF824311B8000A502A4 /* Views */ = {
			isa = PBXGroup;
			children = (
				3260DEF924311BA100A502A4 /* TermTableViewCell.swift */,
			);
			path = Views;
			sourceTree = "<group>";
		};
		3260DEFD2431224500A502A4 /* Views */ = {
			isa = PBXGroup;
			children = (
				3260DF022431226D00A502A4 /* TermGradeCardTableViewCell.swift */,
				3260DEFE2431225600A502A4 /* GradeCardView.swift */,
				3260DEFF2431225600A502A4 /* GradientView.swift */,
			);
			path = Views;
			sourceTree = "<group>";
		};
/* End PBXGroup section */

/* Begin PBXNativeTarget section */
		323F255C243105F600B9A4C8 /* Grades */ = {
			isa = PBXNativeTarget;
			buildConfigurationList = 323F257F243105F800B9A4C8 /* Build configuration list for PBXNativeTarget "Grades" */;
			buildPhases = (
				323F2559243105F600B9A4C8 /* Sources */,
				323F255A243105F600B9A4C8 /* Frameworks */,
				323F255B243105F600B9A4C8 /* Resources */,
			);
			buildRules = (
			);
			dependencies = (
			);
			name = Grades;
			productName = Grades;
			productReference = 323F255D243105F600B9A4C8 /* Grades.app */;
			productType = "com.apple.product-type.application";
		};
		323F2575243105F800B9A4C8 /* GradesTests */ = {
			isa = PBXNativeTarget;
			buildConfigurationList = 323F2582243105F800B9A4C8 /* Build configuration list for PBXNativeTarget "GradesTests" */;
			buildPhases = (
				323F2572243105F800B9A4C8 /* Sources */,
				323F2573243105F800B9A4C8 /* Frameworks */,
				323F2574243105F800B9A4C8 /* Resources */,
			);
			buildRules = (
			);
			dependencies = (
				323F2578243105F800B9A4C8 /* PBXTargetDependency */,
			);
			name = GradesTests;
			productName = GradesTests;
			productReference = 323F2576243105F800B9A4C8 /* GradesTests.xctest */;
			productType = "com.apple.product-type.bundle.unit-test";
		};
/* End PBXNativeTarget section */

/* Begin PBXProject section */
		323F2555243105F600B9A4C8 /* Project object */ = {
			isa = PBXProject;
			attributes = {
				LastSwiftUpdateCheck = 1140;
				LastUpgradeCheck = 1140;
				ORGANIZATIONNAME = "Ignacio Paradisi";
				TargetAttributes = {
					323F255C243105F600B9A4C8 = {
						CreatedOnToolsVersion = 11.4;
					};
					323F2575243105F800B9A4C8 = {
						CreatedOnToolsVersion = 11.4;
						TestTargetID = 323F255C243105F600B9A4C8;
					};
				};
			};
			buildConfigurationList = 323F2558243105F600B9A4C8 /* Build configuration list for PBXProject "Grades" */;
			compatibilityVersion = "Xcode 9.3";
			developmentRegion = en;
			hasScannedForEncodings = 0;
			knownRegions = (
				en,
				Base,
			);
			mainGroup = 323F2554243105F600B9A4C8;
			productRefGroup = 323F255E243105F600B9A4C8 /* Products */;
			projectDirPath = "";
			projectRoot = "";
			targets = (
				323F255C243105F600B9A4C8 /* Grades */,
				323F2575243105F800B9A4C8 /* GradesTests */,
			);
		};
/* End PBXProject section */

/* Begin PBXResourcesBuildPhase section */
		323F255B243105F600B9A4C8 /* Resources */ = {
			isa = PBXResourcesBuildPhase;
			buildActionMask = 2147483647;
			files = (
				323F2570243105F800B9A4C8 /* LaunchScreen.storyboard in Resources */,
				323F256D243105F800B9A4C8 /* Assets.xcassets in Resources */,
			);
			runOnlyForDeploymentPostprocessing = 0;
		};
		323F2574243105F800B9A4C8 /* Resources */ = {
			isa = PBXResourcesBuildPhase;
			buildActionMask = 2147483647;
			files = (
			);
			runOnlyForDeploymentPostprocessing = 0;
		};
/* End PBXResourcesBuildPhase section */

/* Begin PBXSourcesBuildPhase section */
		323F2559243105F600B9A4C8 /* Sources */ = {
			isa = PBXSourcesBuildPhase;
			buildActionMask = 2147483647;
			files = (
				323F2565243105F600B9A4C8 /* ViewController.swift in Sources */,
				3260DEEE2431144C00A502A4 /* GradesSplitViewController.swift in Sources */,
				3260DF012431225600A502A4 /* GradientView.swift in Sources */,
				324FD37124312C2D0005B077 /* Utilities.swift in Sources */,
				3260DEF4243116D100A502A4 /* NSLayoutAnchot+Extension.swift in Sources */,
				3260DEF72431190600A502A4 /* ReusableView.swift in Sources */,
				323F256B243105F600B9A4C8 /* Grades.xcdatamodeld in Sources */,
				323F2561243105F600B9A4C8 /* AppDelegate.swift in Sources */,
				3260DF052431230000A502A4 /* UIColor+Extension.swift in Sources */,
				3260DEFA24311BA100A502A4 /* TermTableViewCell.swift in Sources */,
				3260DEFC24311BDA00A502A4 /* UITableView+Extension.swift in Sources */,
				3260DEF2243115D600A502A4 /* TermsViewController.swift in Sources */,
				323F2563243105F600B9A4C8 /* SceneDelegate.swift in Sources */,
				3260DF002431225600A502A4 /* GradeCardView.swift in Sources */,
				3260DF032431226D00A502A4 /* TermGradeCardTableViewCell.swift in Sources */,
			);
			runOnlyForDeploymentPostprocessing = 0;
		};
		323F2572243105F800B9A4C8 /* Sources */ = {
			isa = PBXSourcesBuildPhase;
			buildActionMask = 2147483647;
			files = (
				323F257B243105F800B9A4C8 /* GradesTests.swift in Sources */,
			);
			runOnlyForDeploymentPostprocessing = 0;
		};
/* End PBXSourcesBuildPhase section */

/* Begin PBXTargetDependency section */
		323F2578243105F800B9A4C8 /* PBXTargetDependency */ = {
			isa = PBXTargetDependency;
			target = 323F255C243105F600B9A4C8 /* Grades */;
			targetProxy = 323F2577243105F800B9A4C8 /* PBXContainerItemProxy */;
		};
/* End PBXTargetDependency section */

/* Begin PBXVariantGroup section */
		323F256E243105F800B9A4C8 /* LaunchScreen.storyboard */ = {
			isa = PBXVariantGroup;
			children = (
				323F256F243105F800B9A4C8 /* Base */,
			);
			name = LaunchScreen.storyboard;
			sourceTree = "<group>";
		};
/* End PBXVariantGroup section */

/* Begin XCBuildConfiguration section */
		323F257D243105F800B9A4C8 /* Debug */ = {
			isa = XCBuildConfiguration;
			buildSettings = {
				ALWAYS_SEARCH_USER_PATHS = NO;
				CLANG_ANALYZER_NONNULL = YES;
				CLANG_ANALYZER_NUMBER_OBJECT_CONVERSION = YES_AGGRESSIVE;
				CLANG_CXX_LANGUAGE_STANDARD = "gnu++14";
				CLANG_CXX_LIBRARY = "libc++";
				CLANG_ENABLE_MODULES = YES;
				CLANG_ENABLE_OBJC_ARC = YES;
				CLANG_ENABLE_OBJC_WEAK = YES;
				CLANG_WARN_BLOCK_CAPTURE_AUTORELEASING = YES;
				CLANG_WARN_BOOL_CONVERSION = YES;
				CLANG_WARN_COMMA = YES;
				CLANG_WARN_CONSTANT_CONVERSION = YES;
				CLANG_WARN_DEPRECATED_OBJC_IMPLEMENTATIONS = YES;
				CLANG_WARN_DIRECT_OBJC_ISA_USAGE = YES_ERROR;
				CLANG_WARN_DOCUMENTATION_COMMENTS = YES;
				CLANG_WARN_EMPTY_BODY = YES;
				CLANG_WARN_ENUM_CONVERSION = YES;
				CLANG_WARN_INFINITE_RECURSION = YES;
				CLANG_WARN_INT_CONVERSION = YES;
				CLANG_WARN_NON_LITERAL_NULL_CONVERSION = YES;
				CLANG_WARN_OBJC_IMPLICIT_RETAIN_SELF = YES;
				CLANG_WARN_OBJC_LITERAL_CONVERSION = YES;
				CLANG_WARN_OBJC_ROOT_CLASS = YES_ERROR;
				CLANG_WARN_RANGE_LOOP_ANALYSIS = YES;
				CLANG_WARN_STRICT_PROTOTYPES = YES;
				CLANG_WARN_SUSPICIOUS_MOVE = YES;
				CLANG_WARN_UNGUARDED_AVAILABILITY = YES_AGGRESSIVE;
				CLANG_WARN_UNREACHABLE_CODE = YES;
				CLANG_WARN__DUPLICATE_METHOD_MATCH = YES;
				COPY_PHASE_STRIP = NO;
				DEBUG_INFORMATION_FORMAT = dwarf;
				ENABLE_STRICT_OBJC_MSGSEND = YES;
				ENABLE_TESTABILITY = YES;
				GCC_C_LANGUAGE_STANDARD = gnu11;
				GCC_DYNAMIC_NO_PIC = NO;
				GCC_NO_COMMON_BLOCKS = YES;
				GCC_OPTIMIZATION_LEVEL = 0;
				GCC_PREPROCESSOR_DEFINITIONS = (
					"DEBUG=1",
					"$(inherited)",
				);
				GCC_WARN_64_TO_32_BIT_CONVERSION = YES;
				GCC_WARN_ABOUT_RETURN_TYPE = YES_ERROR;
				GCC_WARN_UNDECLARED_SELECTOR = YES;
				GCC_WARN_UNINITIALIZED_AUTOS = YES_AGGRESSIVE;
				GCC_WARN_UNUSED_FUNCTION = YES;
				GCC_WARN_UNUSED_VARIABLE = YES;
				IPHONEOS_DEPLOYMENT_TARGET = 13.4;
				MTL_ENABLE_DEBUG_INFO = INCLUDE_SOURCE;
				MTL_FAST_MATH = YES;
				ONLY_ACTIVE_ARCH = YES;
				SDKROOT = iphoneos;
				SWIFT_ACTIVE_COMPILATION_CONDITIONS = DEBUG;
				SWIFT_OPTIMIZATION_LEVEL = "-Onone";
			};
			name = Debug;
		};
		323F257E243105F800B9A4C8 /* Release */ = {
			isa = XCBuildConfiguration;
			buildSettings = {
				ALWAYS_SEARCH_USER_PATHS = NO;
				CLANG_ANALYZER_NONNULL = YES;
				CLANG_ANALYZER_NUMBER_OBJECT_CONVERSION = YES_AGGRESSIVE;
				CLANG_CXX_LANGUAGE_STANDARD = "gnu++14";
				CLANG_CXX_LIBRARY = "libc++";
				CLANG_ENABLE_MODULES = YES;
				CLANG_ENABLE_OBJC_ARC = YES;
				CLANG_ENABLE_OBJC_WEAK = YES;
				CLANG_WARN_BLOCK_CAPTURE_AUTORELEASING = YES;
				CLANG_WARN_BOOL_CONVERSION = YES;
				CLANG_WARN_COMMA = YES;
				CLANG_WARN_CONSTANT_CONVERSION = YES;
				CLANG_WARN_DEPRECATED_OBJC_IMPLEMENTATIONS = YES;
				CLANG_WARN_DIRECT_OBJC_ISA_USAGE = YES_ERROR;
				CLANG_WARN_DOCUMENTATION_COMMENTS = YES;
				CLANG_WARN_EMPTY_BODY = YES;
				CLANG_WARN_ENUM_CONVERSION = YES;
				CLANG_WARN_INFINITE_RECURSION = YES;
				CLANG_WARN_INT_CONVERSION = YES;
				CLANG_WARN_NON_LITERAL_NULL_CONVERSION = YES;
				CLANG_WARN_OBJC_IMPLICIT_RETAIN_SELF = YES;
				CLANG_WARN_OBJC_LITERAL_CONVERSION = YES;
				CLANG_WARN_OBJC_ROOT_CLASS = YES_ERROR;
				CLANG_WARN_RANGE_LOOP_ANALYSIS = YES;
				CLANG_WARN_STRICT_PROTOTYPES = YES;
				CLANG_WARN_SUSPICIOUS_MOVE = YES;
				CLANG_WARN_UNGUARDED_AVAILABILITY = YES_AGGRESSIVE;
				CLANG_WARN_UNREACHABLE_CODE = YES;
				CLANG_WARN__DUPLICATE_METHOD_MATCH = YES;
				COPY_PHASE_STRIP = NO;
				DEBUG_INFORMATION_FORMAT = "dwarf-with-dsym";
				ENABLE_NS_ASSERTIONS = NO;
				ENABLE_STRICT_OBJC_MSGSEND = YES;
				GCC_C_LANGUAGE_STANDARD = gnu11;
				GCC_NO_COMMON_BLOCKS = YES;
				GCC_WARN_64_TO_32_BIT_CONVERSION = YES;
				GCC_WARN_ABOUT_RETURN_TYPE = YES_ERROR;
				GCC_WARN_UNDECLARED_SELECTOR = YES;
				GCC_WARN_UNINITIALIZED_AUTOS = YES_AGGRESSIVE;
				GCC_WARN_UNUSED_FUNCTION = YES;
				GCC_WARN_UNUSED_VARIABLE = YES;
				IPHONEOS_DEPLOYMENT_TARGET = 13.4;
				MTL_ENABLE_DEBUG_INFO = NO;
				MTL_FAST_MATH = YES;
				SDKROOT = iphoneos;
				SWIFT_COMPILATION_MODE = wholemodule;
				SWIFT_OPTIMIZATION_LEVEL = "-O";
				VALIDATE_PRODUCT = YES;
			};
			name = Release;
		};
		323F2580243105F800B9A4C8 /* Debug */ = {
			isa = XCBuildConfiguration;
			buildSettings = {
				ASSETCATALOG_COMPILER_APPICON_NAME = AppIcon;
				CODE_SIGN_ENTITLEMENTS = Grades/Grades.entitlements;
				CODE_SIGN_STYLE = Automatic;
				DEVELOPMENT_TEAM = 8T85WESY64;
				INFOPLIST_FILE = Grades/Info.plist;
				LD_RUNPATH_SEARCH_PATHS = (
					"$(inherited)",
					"@executable_path/Frameworks",
				);
				PRODUCT_BUNDLE_IDENTIFIER = com.ignacioparadisi.Grades;
				PRODUCT_NAME = "$(TARGET_NAME)";
				SUPPORTS_MACCATALYST = YES;
				SWIFT_VERSION = 5.0;
				TARGETED_DEVICE_FAMILY = "1,2";
			};
			name = Debug;
		};
		323F2581243105F800B9A4C8 /* Release */ = {
			isa = XCBuildConfiguration;
			buildSettings = {
				ASSETCATALOG_COMPILER_APPICON_NAME = AppIcon;
				CODE_SIGN_ENTITLEMENTS = Grades/Grades.entitlements;
				CODE_SIGN_STYLE = Automatic;
				DEVELOPMENT_TEAM = 8T85WESY64;
				INFOPLIST_FILE = Grades/Info.plist;
				LD_RUNPATH_SEARCH_PATHS = (
					"$(inherited)",
					"@executable_path/Frameworks",
				);
				PRODUCT_BUNDLE_IDENTIFIER = com.ignacioparadisi.Grades;
				PRODUCT_NAME = "$(TARGET_NAME)";
				SUPPORTS_MACCATALYST = YES;
				SWIFT_VERSION = 5.0;
				TARGETED_DEVICE_FAMILY = "1,2";
			};
			name = Release;
		};
		323F2583243105F800B9A4C8 /* Debug */ = {
			isa = XCBuildConfiguration;
			buildSettings = {
				ALWAYS_EMBED_SWIFT_STANDARD_LIBRARIES = YES;
				BUNDLE_LOADER = "$(TEST_HOST)";
				CODE_SIGN_STYLE = Automatic;
				DEVELOPMENT_TEAM = 8T85WESY64;
				INFOPLIST_FILE = GradesTests/Info.plist;
				IPHONEOS_DEPLOYMENT_TARGET = 13.4;
				LD_RUNPATH_SEARCH_PATHS = (
					"$(inherited)",
					"@executable_path/Frameworks",
					"@loader_path/Frameworks",
				);
				PRODUCT_BUNDLE_IDENTIFIER = com.ignacioparadisi.GradesTests;
				PRODUCT_NAME = "$(TARGET_NAME)";
				SWIFT_VERSION = 5.0;
				TARGETED_DEVICE_FAMILY = "1,2";
				TEST_HOST = "$(BUILT_PRODUCTS_DIR)/Grades.app/Grades";
			};
			name = Debug;
		};
		323F2584243105F800B9A4C8 /* Release */ = {
			isa = XCBuildConfiguration;
			buildSettings = {
				ALWAYS_EMBED_SWIFT_STANDARD_LIBRARIES = YES;
				BUNDLE_LOADER = "$(TEST_HOST)";
				CODE_SIGN_STYLE = Automatic;
				DEVELOPMENT_TEAM = 8T85WESY64;
				INFOPLIST_FILE = GradesTests/Info.plist;
				IPHONEOS_DEPLOYMENT_TARGET = 13.4;
				LD_RUNPATH_SEARCH_PATHS = (
					"$(inherited)",
					"@executable_path/Frameworks",
					"@loader_path/Frameworks",
				);
				PRODUCT_BUNDLE_IDENTIFIER = com.ignacioparadisi.GradesTests;
				PRODUCT_NAME = "$(TARGET_NAME)";
				SWIFT_VERSION = 5.0;
				TARGETED_DEVICE_FAMILY = "1,2";
				TEST_HOST = "$(BUILT_PRODUCTS_DIR)/Grades.app/Grades";
			};
			name = Release;
		};
/* End XCBuildConfiguration section */

/* Begin XCConfigurationList section */
		323F2558243105F600B9A4C8 /* Build configuration list for PBXProject "Grades" */ = {
			isa = XCConfigurationList;
			buildConfigurations = (
				323F257D243105F800B9A4C8 /* Debug */,
				323F257E243105F800B9A4C8 /* Release */,
			);
			defaultConfigurationIsVisible = 0;
			defaultConfigurationName = Release;
		};
		323F257F243105F800B9A4C8 /* Build configuration list for PBXNativeTarget "Grades" */ = {
			isa = XCConfigurationList;
			buildConfigurations = (
				323F2580243105F800B9A4C8 /* Debug */,
				323F2581243105F800B9A4C8 /* Release */,
			);
			defaultConfigurationIsVisible = 0;
			defaultConfigurationName = Release;
		};
		323F2582243105F800B9A4C8 /* Build configuration list for PBXNativeTarget "GradesTests" */ = {
			isa = XCConfigurationList;
			buildConfigurations = (
				323F2583243105F800B9A4C8 /* Debug */,
				323F2584243105F800B9A4C8 /* Release */,
			);
			defaultConfigurationIsVisible = 0;
			defaultConfigurationName = Release;
		};
/* End XCConfigurationList section */

/* Begin XCVersionGroup section */
		323F2569243105F600B9A4C8 /* Grades.xcdatamodeld */ = {
			isa = XCVersionGroup;
			children = (
				323F256A243105F600B9A4C8 /* Grades.xcdatamodel */,
			);
			currentVersion = 323F256A243105F600B9A4C8 /* Grades.xcdatamodel */;
			path = Grades.xcdatamodeld;
			sourceTree = "<group>";
			versionGroupType = wrapper.xcdatamodel;
		};
/* End XCVersionGroup section */
	};
	rootObject = 323F2555243105F600B9A4C8 /* Project object */;
}
